{
  "version": 4,
  "terraform_version": "1.7.4",
  "serial": 15,
  "lineage": "adbeaf28-ec97-33d5-ea3f-a87051a1f2a6",
  "outputs": {},
  "resources": [
    {
      "mode": "managed",
      "type": "helm_release",
      "name": "postgres",
      "provider": "provider[\"registry.terraform.io/hashicorp/helm\"]",
      "instances": [
        {
          "schema_version": 1,
          "attributes": {
            "atomic": false,
            "chart": "postgresql",
            "cleanup_on_fail": false,
            "create_namespace": false,
            "dependency_update": false,
            "description": null,
            "devel": null,
            "disable_crd_hooks": false,
            "disable_openapi_validation": false,
            "disable_webhooks": false,
            "force_update": false,
            "id": "ecommerce-db",
            "keyring": null,
            "lint": false,
            "manifest": null,
            "max_history": 0,
            "metadata": [
              {
                "app_version": "16.3.0",
                "chart": "postgresql",
                "first_deployed": 1773063933,
                "last_deployed": 1773063933,
                "name": "ecommerce-db",
                "namespace": "ecommerce",
                "notes": "CHART NAME: postgresql\nCHART VERSION: 15.5.0\nAPP VERSION: 16.3.0\n\n** Please be patient while the chart is being deployed **\n\nPostgreSQL can be accessed via port 5432 on the following DNS names from within your cluster:\n\n    ecommerce-db-postgresql.ecommerce.svc.cluster.local - Read/Write connection\n\nTo get the password for \"postgres\" run:\n\n    export POSTGRES_ADMIN_PASSWORD=$(kubectl get secret --namespace ecommerce ecommerce-db-postgresql -o jsonpath=\"{.data.postgres-password}\" | base64 -d)\n\nTo get the password for \"ecommerce\" run:\n\n    export POSTGRES_PASSWORD=$(kubectl get secret --namespace ecommerce ecommerce-db-postgresql -o jsonpath=\"{.data.password}\" | base64 -d)\n\nTo connect to your database run the following command:\n\n    kubectl run ecommerce-db-postgresql-client --rm --tty -i --restart='Never' --namespace ecommerce --image docker.io/bitnamilegacy/postgresql:16.3.0-debian-12-r10 --env=\"PGPASSWORD=$POSTGRES_PASSWORD\" \\\n      --command -- psql --host ecommerce-db-postgresql -U ecommerce -d ecommerce -p 5432\n\n    \u003e NOTE: If you access the container using bash, make sure that you execute \"/opt/bitnami/scripts/postgresql/entrypoint.sh /bin/bash\" in order to avoid the error \"psql: local user with ID 1001} does not exist\"\n\nTo connect to your database from outside the cluster execute the following commands:\n\n    kubectl port-forward --namespace ecommerce svc/ecommerce-db-postgresql 5432:5432 \u0026\n    PGPASSWORD=\"$POSTGRES_PASSWORD\" psql --host 127.0.0.1 -U ecommerce -d ecommerce -p 5432\n\nWARNING: The configured password will be ignored on new installation in case when previous PostgreSQL release was deleted through the helm command. In that case, old PVC will have an old password, and setting it through helm won't take effect. Deleting persistent volumes (PVs) will solve the issue.\n\nWARNING: There are \"resources\" sections in the chart not set. Using \"resourcesPreset\" is not recommended for production. For production installations, please set the following values according to your workload needs:\n  - primary.resources\n  - readReplicas.resources\n+info https://kubernetes.io/docs/concepts/configuration/manage-resources-containers/\n\n⚠ SECURITY WARNING: Original containers have been substituted. This Helm chart was designed, tested, and validated on multiple platforms using a specific set of Bitnami and Tanzu Application Catalog containers. Substituting other containers is likely to cause degraded security and performance, broken chart features, and missing environment variables.\n\nSubstituted images detected:\n  - docker.io/bitnamilegacy/postgresql:16.3.0-debian-12-r10",
                "revision": 1,
                "values": "{\"auth\":{\"database\":\"ecommerce\",\"password\":\"devops123\",\"username\":\"ecommerce\"},\"image\":{\"registry\":\"docker.io\",\"repository\":\"bitnamilegacy/postgresql\",\"tag\":\"16.3.0-debian-12-r10\"},\"primary\":{\"persistence\":{\"size\":\"5Gi\"}}}",
                "version": "15.5.0"
              }
            ],
            "name": "ecommerce-db",
            "namespace": "ecommerce",
            "pass_credentials": false,
            "postrender": [],
            "recreate_pods": true,
            "render_subchart_notes": true,
            "replace": false,
            "repository": "https://charts.bitnami.com/bitnami",
            "repository_ca_file": null,
            "repository_cert_file": null,
            "repository_key_file": null,
            "repository_password": null,
            "repository_username": null,
            "reset_values": false,
            "reuse_values": false,
            "set": [
              {
                "name": "auth.database",
                "type": "",
                "value": "ecommerce"
              },
              {
                "name": "auth.password",
                "type": "",
                "value": "devops123"
              },
              {
                "name": "auth.username",
                "type": "",
                "value": "ecommerce"
              },
              {
                "name": "image.registry",
                "type": "",
                "value": "docker.io"
              },
              {
                "name": "image.repository",
                "type": "",
                "value": "bitnamilegacy/postgresql"
              },
              {
                "name": "image.tag",
                "type": "",
                "value": "16.3.0-debian-12-r10"
              },
              {
                "name": "primary.persistence.size",
                "type": "",
                "value": "5Gi"
              }
            ],
            "set_list": [],
            "set_sensitive": [],
            "skip_crds": false,
            "status": "deployed",
            "timeout": 300,
            "upgrade_install": null,
            "values": null,
            "verify": false,
            "version": "15.5.0",
            "wait": false,
            "wait_for_jobs": false
          },
          "sensitive_attributes": [],
          "private": "eyJzY2hlbWFfdmVyc2lvbiI6IjEifQ==",
          "dependencies": [
            "kubernetes_namespace.ecommerce"
          ]
        }
      ]
    },
    {
      "mode": "managed",
      "type": "kubernetes_namespace",
      "name": "ecommerce",
      "provider": "provider[\"registry.terraform.io/hashicorp/kubernetes\"]",
      "instances": [
        {
          "schema_version": 0,
          "attributes": {
            "id": "ecommerce",
            "metadata": [
              {
                "annotations": null,
                "generate_name": "",
                "generation": 0,
                "labels": null,
                "name": "ecommerce",
                "resource_version": "56892",
                "uid": "6f99e46d-091f-4436-90e4-5774671a0994"
              }
            ],
            "timeouts": null,
            "wait_for_default_service_account": false
          },
          "sensitive_attributes": [],
          "private": "eyJlMmJmYjczMC1lY2FhLTExZTYtOGY4OC0zNDM2M2JjN2M0YzAiOnsiZGVsZXRlIjozMDAwMDAwMDAwMDB9fQ=="
        }
      ]
    },
    {
      "mode": "managed",
      "type": "kubernetes_secret",
      "name": "db_credentials",
      "provider": "provider[\"registry.terraform.io/hashicorp/kubernetes\"]",
      "instances": [
        {
          "schema_version": 0,
          "attributes": {
            "binary_data": null,
            "binary_data_wo": null,
            "binary_data_wo_revision": null,
            "data": {
              "database": "ecommerce",
              "host": "ecommerce-db-postgresql",
              "password": "devops123",
              "port": "5432",
              "username": "ecommerce"
            },
            "data_wo": null,
            "data_wo_revision": null,
            "id": "ecommerce/db-credentials",
            "immutable": false,
            "metadata": [
              {
                "annotations": null,
                "generate_name": "",
                "generation": 0,
                "labels": null,
                "name": "db-credentials",
                "namespace": "ecommerce",
                "resource_version": "56986",
                "uid": "846170f7-2ab3-4cbf-8ed4-b88fb5ae1f74"
              }
            ],
            "timeouts": null,
            "type": "Opaque",
            "wait_for_service_account_token": true
          },
          "sensitive_attributes": [],
          "private": "eyJlMmJmYjczMC1lY2FhLTExZTYtOGY4OC0zNDM2M2JjN2M0YzAiOnsiY3JlYXRlIjo2MDAwMDAwMDAwMH19",
          "dependencies": [
            "helm_release.postgres",
            "kubernetes_namespace.ecommerce"
          ]
        }
      ]
    }
  ],
  "check_results": null
}
